// !$*UTF8*$!
{
	archiveVersion = 1;
	classes = {
	};
	objectVersion = 56;
	objects = {

/* Begin PBXBuildFile section */
		64E377922B98D34D00B8C5B3 /* FirebaseBootcamp.swift in Sources */ = {isa = PBXBuildFile; fileRef = 64E377912B98D34D00B8C5B3 /* FirebaseBootcamp.swift */; };
		64E377942B98D34D00B8C5B3 /* ContentView.swift in Sources */ = {isa = PBXBuildFile; fileRef = 64E377932B98D34D00B8C5B3 /* ContentView.swift */; };
		64E377962B98D34E00B8C5B3 /* Assets.xcassets in Resources */ = {isa = PBXBuildFile; fileRef = 64E377952B98D34E00B8C5B3 /* Assets.xcassets */; };
		64E377992B98D34E00B8C5B3 /* Preview Assets.xcassets in Resources */ = {isa = PBXBuildFile; fileRef = 64E377982B98D34E00B8C5B3 /* Preview Assets.xcassets */; };
		64E377A32B98D5AC00B8C5B3 /* FirebaseAnalytics in Frameworks */ = {isa = PBXBuildFile; productRef = 64E377A22B98D5AC00B8C5B3 /* FirebaseAnalytics */; };
		64E377A52B98D5AC00B8C5B3 /* FirebaseAnalyticsSwift in Frameworks */ = {isa = PBXBuildFile; productRef = 64E377A42B98D5AC00B8C5B3 /* FirebaseAnalyticsSwift */; };
		64E377C12B9B46E300B8C5B3 /* FirebaseAuth in Frameworks */ = {isa = PBXBuildFile; productRef = 64E377C02B9B46E300B8C5B3 /* FirebaseAuth */; };
		64E377C42B9B475E00B8C5B3 /* AuthenticationView.swift in Sources */ = {isa = PBXBuildFile; fileRef = 64E377C32B9B475E00B8C5B3 /* AuthenticationView.swift */; };
		64E377C62B9B489200B8C5B3 /* SignInEmailView.swift in Sources */ = {isa = PBXBuildFile; fileRef = 64E377C52B9B489200B8C5B3 /* SignInEmailView.swift */; };
		64E377C82B9B4BB800B8C5B3 /* AuthenticationManager.swift in Sources */ = {isa = PBXBuildFile; fileRef = 64E377C72B9B4BB800B8C5B3 /* AuthenticationManager.swift */; };
		64E377CA2B9B52C000B8C5B3 /* RootView.swift in Sources */ = {isa = PBXBuildFile; fileRef = 64E377C92B9B52C000B8C5B3 /* RootView.swift */; };
		64E377CC2B9B54E400B8C5B3 /* SettingsView.swift in Sources */ = {isa = PBXBuildFile; fileRef = 64E377CB2B9B54E400B8C5B3 /* SettingsView.swift */; };
		64E377D02B9F5C8700B8C5B3 /* Utilities.swift in Sources */ = {isa = PBXBuildFile; fileRef = 64E377CF2B9F5C8700B8C5B3 /* Utilities.swift */; };
		64E377D32BA091B100B8C5B3 /* SignInAppleHelper.swift in Sources */ = {isa = PBXBuildFile; fileRef = 64E377D22BA091B100B8C5B3 /* SignInAppleHelper.swift */; };
		64E377D52BA0A13100B8C5B3 /* GoogleService-Info.plist in Resources */ = {isa = PBXBuildFile; fileRef = 64E377D42BA0A13100B8C5B3 /* GoogleService-Info.plist */; };
		64E377D82BA0A1BB00B8C5B3 /* GoogleSignIn in Frameworks */ = {isa = PBXBuildFile; productRef = 64E377D72BA0A1BB00B8C5B3 /* GoogleSignIn */; };
		64E377DA2BA0A1BB00B8C5B3 /* GoogleSignInSwift in Frameworks */ = {isa = PBXBuildFile; productRef = 64E377D92BA0A1BB00B8C5B3 /* GoogleSignInSwift */; };
		64E377DD2BA0A9C900B8C5B3 /* SignInGoogleHelper.swift in Sources */ = {isa = PBXBuildFile; fileRef = 64E377DC2BA0A9C900B8C5B3 /* SignInGoogleHelper.swift */; };
/* End PBXBuildFile section */

/* Begin PBXFileReference section */
		64E3778E2B98D34D00B8C5B3 /* FirebaseBootcamp.app */ = {isa = PBXFileReference; explicitFileType = wrapper.application; includeInIndex = 0; path = FirebaseBootcamp.app; sourceTree = BUILT_PRODUCTS_DIR; };
		64E377912B98D34D00B8C5B3 /* FirebaseBootcamp.swift */ = {isa = PBXFileReference; lastKnownFileType = sourcecode.swift; path = FirebaseBootcamp.swift; sourceTree = "<group>"; };
		64E377932B98D34D00B8C5B3 /* ContentView.swift */ = {isa = PBXFileReference; lastKnownFileType = sourcecode.swift; path = ContentView.swift; sourceTree = "<group>"; };
		64E377952B98D34E00B8C5B3 /* Assets.xcassets */ = {isa = PBXFileReference; lastKnownFileType = folder.assetcatalog; path = Assets.xcassets; sourceTree = "<group>"; };
		64E377982B98D34E00B8C5B3 /* Preview Assets.xcassets */ = {isa = PBXFileReference; lastKnownFileType = folder.assetcatalog; path = "Preview Assets.xcassets"; sourceTree = "<group>"; };
		64E377C32B9B475E00B8C5B3 /* AuthenticationView.swift */ = {isa = PBXFileReference; lastKnownFileType = sourcecode.swift; path = AuthenticationView.swift; sourceTree = "<group>"; };
		64E377C52B9B489200B8C5B3 /* SignInEmailView.swift */ = {isa = PBXFileReference; lastKnownFileType = sourcecode.swift; path = SignInEmailView.swift; sourceTree = "<group>"; };
		64E377C72B9B4BB800B8C5B3 /* AuthenticationManager.swift */ = {isa = PBXFileReference; lastKnownFileType = sourcecode.swift; path = AuthenticationManager.swift; sourceTree = "<group>"; };
		64E377C92B9B52C000B8C5B3 /* RootView.swift */ = {isa = PBXFileReference; lastKnownFileType = sourcecode.swift; path = RootView.swift; sourceTree = "<group>"; };
		64E377CB2B9B54E400B8C5B3 /* SettingsView.swift */ = {isa = PBXFileReference; lastKnownFileType = sourcecode.swift; path = SettingsView.swift; sourceTree = "<group>"; };
		64E377CD2B9F4F1800B8C5B3 /* FirebaseBootcamp.entitlements */ = {isa = PBXFileReference; lastKnownFileType = text.plist.entitlements; path = FirebaseBootcamp.entitlements; sourceTree = "<group>"; };
		64E377CF2B9F5C8700B8C5B3 /* Utilities.swift */ = {isa = PBXFileReference; lastKnownFileType = sourcecode.swift; path = Utilities.swift; sourceTree = "<group>"; };
		64E377D22BA091B100B8C5B3 /* SignInAppleHelper.swift */ = {isa = PBXFileReference; lastKnownFileType = sourcecode.swift; path = SignInAppleHelper.swift; sourceTree = "<group>"; };
		64E377D42BA0A13100B8C5B3 /* GoogleService-Info.plist */ = {isa = PBXFileReference; fileEncoding = 4; lastKnownFileType = text.plist.xml; path = "GoogleService-Info.plist"; sourceTree = "<group>"; };
		64E377DB2BA0A1F700B8C5B3 /* Info.plist */ = {isa = PBXFileReference; lastKnownFileType = text.plist; path = Info.plist; sourceTree = "<group>"; };
		64E377DC2BA0A9C900B8C5B3 /* SignInGoogleHelper.swift */ = {isa = PBXFileReference; lastKnownFileType = sourcecode.swift; path = SignInGoogleHelper.swift; sourceTree = "<group>"; };
/* End PBXFileReference section */

/* Begin PBXFrameworksBuildPhase section */
		64E3778B2B98D34D00B8C5B3 /* Frameworks */ = {
			isa = PBXFrameworksBuildPhase;
			buildActionMask = 2147483647;
			files = (
				64E377DA2BA0A1BB00B8C5B3 /* GoogleSignInSwift in Frameworks */,
				64E377A52B98D5AC00B8C5B3 /* FirebaseAnalyticsSwift in Frameworks */,
				64E377D82BA0A1BB00B8C5B3 /* GoogleSignIn in Frameworks */,
				64E377C12B9B46E300B8C5B3 /* FirebaseAuth in Frameworks */,
				64E377A32B98D5AC00B8C5B3 /* FirebaseAnalytics in Frameworks */,
			);
			runOnlyForDeploymentPostprocessing = 0;
		};
/* End PBXFrameworksBuildPhase section */

/* Begin PBXGroup section */
		64E377852B98D34D00B8C5B3 = {
			isa = PBXGroup;
			children = (
				64E377902B98D34D00B8C5B3 /* FirebaseBootcamp */,
				64E3778F2B98D34D00B8C5B3 /* Products */,
				64E377BF2B9B46E300B8C5B3 /* Frameworks */,
			);
			sourceTree = "<group>";
		};
		64E3778F2B98D34D00B8C5B3 /* Products */ = {
			isa = PBXGroup;
			children = (
				64E3778E2B98D34D00B8C5B3 /* FirebaseBootcamp.app */,
			);
			name = Products;
			sourceTree = "<group>";
		};
		64E377902B98D34D00B8C5B3 /* FirebaseBootcamp */ = {
			isa = PBXGroup;
			children = (
				64E377DB2BA0A1F700B8C5B3 /* Info.plist */,
				64E377CD2B9F4F1800B8C5B3 /* FirebaseBootcamp.entitlements */,
				64E377912B98D34D00B8C5B3 /* FirebaseBootcamp.swift */,
				64E377932B98D34D00B8C5B3 /* ContentView.swift */,
				64E377CE2B9F5C6C00B8C5B3 /* Utilities */,
				64E377C22B9B474C00B8C5B3 /* Authentication */,
				64E377D42BA0A13100B8C5B3 /* GoogleService-Info.plist */,
				64E377952B98D34E00B8C5B3 /* Assets.xcassets */,
				64E377972B98D34E00B8C5B3 /* Preview Content */,
			);
			path = FirebaseBootcamp;
			sourceTree = "<group>";
		};
		64E377972B98D34E00B8C5B3 /* Preview Content */ = {
			isa = PBXGroup;
			children = (
				64E377982B98D34E00B8C5B3 /* Preview Assets.xcassets */,
			);
			path = "Preview Content";
			sourceTree = "<group>";
		};
		64E377BF2B9B46E300B8C5B3 /* Frameworks */ = {
			isa = PBXGroup;
			children = (
			);
			name = Frameworks;
			sourceTree = "<group>";
		};
		64E377C22B9B474C00B8C5B3 /* Authentication */ = {
			isa = PBXGroup;
			children = (
				64E377C92B9B52C000B8C5B3 /* RootView.swift */,
				64E377C32B9B475E00B8C5B3 /* AuthenticationView.swift */,
				64E377C52B9B489200B8C5B3 /* SignInEmailView.swift */,
				64E377CB2B9B54E400B8C5B3 /* SettingsView.swift */,
				64E377C72B9B4BB800B8C5B3 /* AuthenticationManager.swift */,
				64E377DC2BA0A9C900B8C5B3 /* SignInGoogleHelper.swift */,
				64E377D22BA091B100B8C5B3 /* SignInAppleHelper.swift */,
			);
			path = Authentication;
			sourceTree = "<group>";
		};
		64E377CE2B9F5C6C00B8C5B3 /* Utilities */ = {
			isa = PBXGroup;
			children = (
				64E377CF2B9F5C8700B8C5B3 /* Utilities.swift */,
			);
			path = Utilities;
			sourceTree = "<group>";
		};
/* End PBXGroup section */

/* Begin PBXNativeTarget section */
		64E3778D2B98D34D00B8C5B3 /* FirebaseBootcamp */ = {
			isa = PBXNativeTarget;
			buildConfigurationList = 64E3779C2B98D34E00B8C5B3 /* Build configuration list for PBXNativeTarget "FirebaseBootcamp" */;
			buildPhases = (
				64E3778A2B98D34D00B8C5B3 /* Sources */,
				64E3778B2B98D34D00B8C5B3 /* Frameworks */,
				64E3778C2B98D34D00B8C5B3 /* Resources */,
			);
			buildRules = (
			);
			dependencies = (
			);
			name = FirebaseBootcamp;
			packageProductDependencies = (
				64E377A22B98D5AC00B8C5B3 /* FirebaseAnalytics */,
				64E377A42B98D5AC00B8C5B3 /* FirebaseAnalyticsSwift */,
				64E377C02B9B46E300B8C5B3 /* FirebaseAuth */,
				64E377D72BA0A1BB00B8C5B3 /* GoogleSignIn */,
				64E377D92BA0A1BB00B8C5B3 /* GoogleSignInSwift */,
			);
			productName = FirebaseBootcamp;
			productReference = 64E3778E2B98D34D00B8C5B3 /* FirebaseBootcamp.app */;
			productType = "com.apple.product-type.application";
		};
/* End PBXNativeTarget section */

/* Begin PBXProject section */
		64E377862B98D34D00B8C5B3 /* Project object */ = {
			isa = PBXProject;
			attributes = {
				BuildIndependentTargetsInParallel = 1;
				LastSwiftUpdateCheck = 1530;
				LastUpgradeCheck = 1530;
				TargetAttributes = {
					64E3778D2B98D34D00B8C5B3 = {
						CreatedOnToolsVersion = 15.3;
					};
				};
			};
			buildConfigurationList = 64E377892B98D34D00B8C5B3 /* Build configuration list for PBXProject "FirebaseBootcamp" */;
			compatibilityVersion = "Xcode 14.0";
			developmentRegion = en;
			hasScannedForEncodings = 0;
			knownRegions = (
				en,
				Base,
			);
			mainGroup = 64E377852B98D34D00B8C5B3;
			packageReferences = (
				64E377A12B98D5AC00B8C5B3 /* XCRemoteSwiftPackageReference "firebase-ios-sdk" */,
				64E377D62BA0A1BA00B8C5B3 /* XCRemoteSwiftPackageReference "GoogleSignIn-iOS" */,
			);
			productRefGroup = 64E3778F2B98D34D00B8C5B3 /* Products */;
			projectDirPath = "";
			projectRoot = "";
			targets = (
				64E3778D2B98D34D00B8C5B3 /* FirebaseBootcamp */,
			);
		};
/* End PBXProject section */

/* Begin PBXResourcesBuildPhase section */
		64E3778C2B98D34D00B8C5B3 /* Resources */ = {
			isa = PBXResourcesBuildPhase;
			buildActionMask = 2147483647;
			files = (
				64E377992B98D34E00B8C5B3 /* Preview Assets.xcassets in Resources */,
				64E377962B98D34E00B8C5B3 /* Assets.xcassets in Resources */,
				64E377D52BA0A13100B8C5B3 /* GoogleService-Info.plist in Resources */,
			);
			runOnlyForDeploymentPostprocessing = 0;
		};
/* End PBXResourcesBuildPhase section */

/* Begin PBXSourcesBuildPhase section */
		64E3778A2B98D34D00B8C5B3 /* Sources */ = {
			isa = PBXSourcesBuildPhase;
			buildActionMask = 2147483647;
			files = (
				64E377DD2BA0A9C900B8C5B3 /* SignInGoogleHelper.swift in Sources */,
				64E377CC2B9B54E400B8C5B3 /* SettingsView.swift in Sources */,
				64E377942B98D34D00B8C5B3 /* ContentView.swift in Sources */,
				64E377922B98D34D00B8C5B3 /* FirebaseBootcamp.swift in Sources */,
				64E377CA2B9B52C000B8C5B3 /* RootView.swift in Sources */,
				64E377C42B9B475E00B8C5B3 /* AuthenticationView.swift in Sources */,
				64E377C82B9B4BB800B8C5B3 /* AuthenticationManager.swift in Sources */,
				64E377D02B9F5C8700B8C5B3 /* Utilities.swift in Sources */,
				64E377C62B9B489200B8C5B3 /* SignInEmailView.swift in Sources */,
				64E377D32BA091B100B8C5B3 /* SignInAppleHelper.swift in Sources */,
			);
			runOnlyForDeploymentPostprocessing = 0;
		};
/* End PBXSourcesBuildPhase section */

/* Begin XCBuildConfiguration section */
		64E3779A2B98D34E00B8C5B3 /* Debug */ = {
			isa = XCBuildConfiguration;
			buildSettings = {
				ALWAYS_SEARCH_USER_PATHS = NO;
				ASSETCATALOG_COMPILER_GENERATE_SWIFT_ASSET_SYMBOL_EXTENSIONS = YES;
				CLANG_ANALYZER_NONNULL = YES;
				CLANG_ANALYZER_NUMBER_OBJECT_CONVERSION = YES_AGGRESSIVE;
				CLANG_CXX_LANGUAGE_STANDARD = "gnu++20";
				CLANG_ENABLE_MODULES = YES;
				CLANG_ENABLE_OBJC_ARC = YES;
				CLANG_ENABLE_OBJC_WEAK = YES;
				CLANG_WARN_BLOCK_CAPTURE_AUTORELEASING = YES;
				CLANG_WARN_BOOL_CONVERSION = YES;
				CLANG_WARN_COMMA = YES;
				CLANG_WARN_CONSTANT_CONVERSION = YES;
				CLANG_WARN_DEPRECATED_OBJC_IMPLEMENTATIONS = YES;
				CLANG_WARN_DIRECT_OBJC_ISA_USAGE = YES_ERROR;
				CLANG_WARN_DOCUMENTATION_COMMENTS = YES;
				CLANG_WARN_EMPTY_BODY = YES;
				CLANG_WARN_ENUM_CONVERSION = YES;
				CLANG_WARN_INFINITE_RECURSION = YES;
				CLANG_WARN_INT_CONVERSION = YES;
				CLANG_WARN_NON_LITERAL_NULL_CONVERSION = YES;
				CLANG_WARN_OBJC_IMPLICIT_RETAIN_SELF = YES;
				CLANG_WARN_OBJC_LITERAL_CONVERSION = YES;
				CLANG_WARN_OBJC_ROOT_CLASS = YES_ERROR;
				CLANG_WARN_QUOTED_INCLUDE_IN_FRAMEWORK_HEADER = YES;
				CLANG_WARN_RANGE_LOOP_ANALYSIS = YES;
				CLANG_WARN_STRICT_PROTOTYPES = YES;
				CLANG_WARN_SUSPICIOUS_MOVE = YES;
				CLANG_WARN_UNGUARDED_AVAILABILITY = YES_AGGRESSIVE;
				CLANG_WARN_UNREACHABLE_CODE = YES;
				CLANG_WARN__DUPLICATE_METHOD_MATCH = YES;
				COPY_PHASE_STRIP = NO;
				DEBUG_INFORMATION_FORMAT = dwarf;
				ENABLE_STRICT_OBJC_MSGSEND = YES;
				ENABLE_TESTABILITY = YES;
				ENABLE_USER_SCRIPT_SANDBOXING = YES;
				GCC_C_LANGUAGE_STANDARD = gnu17;
				GCC_DYNAMIC_NO_PIC = NO;
				GCC_NO_COMMON_BLOCKS = YES;
				GCC_OPTIMIZATION_LEVEL = 0;
				GCC_PREPROCESSOR_DEFINITIONS = (
					"DEBUG=1",
					"$(inherited)",
				);
				GCC_WARN_64_TO_32_BIT_CONVERSION = YES;
				GCC_WARN_ABOUT_RETURN_TYPE = YES_ERROR;
				GCC_WARN_UNDECLARED_SELECTOR = YES;
				GCC_WARN_UNINITIALIZED_AUTOS = YES_AGGRESSIVE;
				GCC_WARN_UNUSED_FUNCTION = YES;
				GCC_WARN_UNUSED_VARIABLE = YES;
				IPHONEOS_DEPLOYMENT_TARGET = 17.4;
				LOCALIZATION_PREFERS_STRING_CATALOGS = YES;
				MTL_ENABLE_DEBUG_INFO = INCLUDE_SOURCE;
				MTL_FAST_MATH = YES;
				ONLY_ACTIVE_ARCH = YES;
				SDKROOT = iphoneos;
				SWIFT_ACTIVE_COMPILATION_CONDITIONS = "DEBUG $(inherited)";
				SWIFT_OPTIMIZATION_LEVEL = "-Onone";
			};
			name = Debug;
		};
		64E3779B2B98D34E00B8C5B3 /* Release */ = {
			isa = XCBuildConfiguration;
			buildSettings = {
				ALWAYS_SEARCH_USER_PATHS = NO;
				ASSETCATALOG_COMPILER_GENERATE_SWIFT_ASSET_SYMBOL_EXTENSIONS = YES;
				CLANG_ANALYZER_NONNULL = YES;
				CLANG_ANALYZER_NUMBER_OBJECT_CONVERSION = YES_AGGRESSIVE;
				CLANG_CXX_LANGUAGE_STANDARD = "gnu++20";
				CLANG_ENABLE_MODULES = YES;
				CLANG_ENABLE_OBJC_ARC = YES;
				CLANG_ENABLE_OBJC_WEAK = YES;
				CLANG_WARN_BLOCK_CAPTURE_AUTORELEASING = YES;
				CLANG_WARN_BOOL_CONVERSION = YES;
				CLANG_WARN_COMMA = YES;
				CLANG_WARN_CONSTANT_CONVERSION = YES;
				CLANG_WARN_DEPRECATED_OBJC_IMPLEMENTATIONS = YES;
				CLANG_WARN_DIRECT_OBJC_ISA_USAGE = YES_ERROR;
				CLANG_WARN_DOCUMENTATION_COMMENTS = YES;
				CLANG_WARN_EMPTY_BODY = YES;
				CLANG_WARN_ENUM_CONVERSION = YES;
				CLANG_WARN_INFINITE_RECURSION = YES;
				CLANG_WARN_INT_CONVERSION = YES;
				CLANG_WARN_NON_LITERAL_NULL_CONVERSION = YES;
				CLANG_WARN_OBJC_IMPLICIT_RETAIN_SELF = YES;
				CLANG_WARN_OBJC_LITERAL_CONVERSION = YES;
				CLANG_WARN_OBJC_ROOT_CLASS = YES_ERROR;
				CLANG_WARN_QUOTED_INCLUDE_IN_FRAMEWORK_HEADER = YES;
				CLANG_WARN_RANGE_LOOP_ANALYSIS = YES;
				CLANG_WARN_STRICT_PROTOTYPES = YES;
				CLANG_WARN_SUSPICIOUS_MOVE = YES;
				CLANG_WARN_UNGUARDED_AVAILABILITY = YES_AGGRESSIVE;
				CLANG_WARN_UNREACHABLE_CODE = YES;
				CLANG_WARN__DUPLICATE_METHOD_MATCH = YES;
				COPY_PHASE_STRIP = NO;
				DEBUG_INFORMATION_FORMAT = "dwarf-with-dsym";
				ENABLE_NS_ASSERTIONS = NO;
				ENABLE_STRICT_OBJC_MSGSEND = YES;
				ENABLE_USER_SCRIPT_SANDBOXING = YES;
				GCC_C_LANGUAGE_STANDARD = gnu17;
				GCC_NO_COMMON_BLOCKS = YES;
				GCC_WARN_64_TO_32_BIT_CONVERSION = YES;
				GCC_WARN_ABOUT_RETURN_TYPE = YES_ERROR;
				GCC_WARN_UNDECLARED_SELECTOR = YES;
				GCC_WARN_UNINITIALIZED_AUTOS = YES_AGGRESSIVE;
				GCC_WARN_UNUSED_FUNCTION = YES;
				GCC_WARN_UNUSED_VARIABLE = YES;
				IPHONEOS_DEPLOYMENT_TARGET = 17.4;
				LOCALIZATION_PREFERS_STRING_CATALOGS = YES;
				MTL_ENABLE_DEBUG_INFO = NO;
				MTL_FAST_MATH = YES;
				SDKROOT = iphoneos;
				SWIFT_COMPILATION_MODE = wholemodule;
				VALIDATE_PRODUCT = YES;
			};
			name = Release;
		};
		64E3779D2B98D34E00B8C5B3 /* Debug */ = {
			isa = XCBuildConfiguration;
			buildSettings = {
				ASSETCATALOG_COMPILER_APPICON_NAME = AppIcon;
				ASSETCATALOG_COMPILER_GLOBAL_ACCENT_COLOR_NAME = AccentColor;
				CODE_SIGN_ENTITLEMENTS = FirebaseBootcamp/FirebaseBootcamp.entitlements;
				CODE_SIGN_STYLE = Automatic;
				CURRENT_PROJECT_VERSION = 1;
				DEVELOPMENT_ASSET_PATHS = "\"FirebaseBootcamp/Preview Content\"";
				DEVELOPMENT_TEAM = 6W2BB3Y823;
				ENABLE_PREVIEWS = YES;
				GENERATE_INFOPLIST_FILE = YES;
				INFOPLIST_FILE = FirebaseBootcamp/Info.plist;
				INFOPLIST_KEY_UIApplicationSceneManifest_Generation = YES;
				INFOPLIST_KEY_UIApplicationSupportsIndirectInputEvents = YES;
				INFOPLIST_KEY_UILaunchScreen_Generation = YES;
				INFOPLIST_KEY_UISupportedInterfaceOrientations_iPad = "UIInterfaceOrientationPortrait UIInterfaceOrientationPortraitUpsideDown UIInterfaceOrientationLandscapeLeft UIInterfaceOrientationLandscapeRight";
				INFOPLIST_KEY_UISupportedInterfaceOrientations_iPhone = "UIInterfaceOrientationPortrait UIInterfaceOrientationLandscapeLeft UIInterfaceOrientationLandscapeRight";
				LD_RUNPATH_SEARCH_PATHS = (
					"$(inherited)",
					"@executable_path/Frameworks",
				);
				MARKETING_VERSION = 1.0;
				PRODUCT_BUNDLE_IDENTIFIER = com.GabePush.FirebaseBootcamp;
				PRODUCT_NAME = "$(TARGET_NAME)";
				SWIFT_EMIT_LOC_STRINGS = YES;
				SWIFT_VERSION = 5.0;
				TARGETED_DEVICE_FAMILY = "1,2";
			};
			name = Debug;
		};
		64E3779E2B98D34E00B8C5B3 /* Release */ = {
			isa = XCBuildConfiguration;
			buildSettings = {
				ASSETCATALOG_COMPILER_APPICON_NAME = AppIcon;
				ASSETCATALOG_COMPILER_GLOBAL_ACCENT_COLOR_NAME = AccentColor;
				CODE_SIGN_ENTITLEMENTS = FirebaseBootcamp/FirebaseBootcamp.entitlements;
				CODE_SIGN_STYLE = Automatic;
				CURRENT_PROJECT_VERSION = 1;
				DEVELOPMENT_ASSET_PATHS = "\"FirebaseBootcamp/Preview Content\"";
				DEVELOPMENT_TEAM = 6W2BB3Y823;
				ENABLE_PREVIEWS = YES;
				GENERATE_INFOPLIST_FILE = YES;
				INFOPLIST_FILE = FirebaseBootcamp/Info.plist;
				INFOPLIST_KEY_UIApplicationSceneManifest_Generation = YES;
				INFOPLIST_KEY_UIApplicationSupportsIndirectInputEvents = YES;
				INFOPLIST_KEY_UILaunchScreen_Generation = YES;
				INFOPLIST_KEY_UISupportedInterfaceOrientations_iPad = "UIInterfaceOrientationPortrait UIInterfaceOrientationPortraitUpsideDown UIInterfaceOrientationLandscapeLeft UIInterfaceOrientationLandscapeRight";
				INFOPLIST_KEY_UISupportedInterfaceOrientations_iPhone = "UIInterfaceOrientationPortrait UIInterfaceOrientationLandscapeLeft UIInterfaceOrientationLandscapeRight";
				LD_RUNPATH_SEARCH_PATHS = (
					"$(inherited)",
					"@executable_path/Frameworks",
				);
				MARKETING_VERSION = 1.0;
				PRODUCT_BUNDLE_IDENTIFIER = com.GabePush.FirebaseBootcamp;
				PRODUCT_NAME = "$(TARGET_NAME)";
				SWIFT_EMIT_LOC_STRINGS = YES;
				SWIFT_VERSION = 5.0;
				TARGETED_DEVICE_FAMILY = "1,2";
			};
			name = Release;
		};
/* End XCBuildConfiguration section */

/* Begin XCConfigurationList section */
		64E377892B98D34D00B8C5B3 /* Build configuration list for PBXProject "FirebaseBootcamp" */ = {
			isa = XCConfigurationList;
			buildConfigurations = (
				64E3779A2B98D34E00B8C5B3 /* Debug */,
				64E3779B2B98D34E00B8C5B3 /* Release */,
			);
			defaultConfigurationIsVisible = 0;
			defaultConfigurationName = Release;
		};
		64E3779C2B98D34E00B8C5B3 /* Build configuration list for PBXNativeTarget "FirebaseBootcamp" */ = {
			isa = XCConfigurationList;
			buildConfigurations = (
				64E3779D2B98D34E00B8C5B3 /* Debug */,
				64E3779E2B98D34E00B8C5B3 /* Release */,
			);
			defaultConfigurationIsVisible = 0;
			defaultConfigurationName = Release;
		};
/* End XCConfigurationList section */

/* Begin XCRemoteSwiftPackageReference section */
		64E377A12B98D5AC00B8C5B3 /* XCRemoteSwiftPackageReference "firebase-ios-sdk" */ = {
			isa = XCRemoteSwiftPackageReference;
			repositoryURL = "https://github.com/firebase/firebase-ios-sdk";
			requirement = {
				kind = upToNextMajorVersion;
				minimumVersion = 10.22.0;
			};
		};
		64E377D62BA0A1BA00B8C5B3 /* XCRemoteSwiftPackageReference "GoogleSignIn-iOS" */ = {
			isa = XCRemoteSwiftPackageReference;
			repositoryURL = "https://github.com/google/GoogleSignIn-iOS.git";
			requirement = {
				kind = upToNextMajorVersion;
				minimumVersion = 7.0.0;
			};
		};
/* End XCRemoteSwiftPackageReference section */

/* Begin XCSwiftPackageProductDependency section */
		64E377A22B98D5AC00B8C5B3 /* FirebaseAnalytics */ = {
			isa = XCSwiftPackageProductDependency;
			package = 64E377A12B98D5AC00B8C5B3 /* XCRemoteSwiftPackageReference "firebase-ios-sdk" */;
			productName = FirebaseAnalytics;
		};
		64E377A42B98D5AC00B8C5B3 /* FirebaseAnalyticsSwift */ = {
			isa = XCSwiftPackageProductDependency;
			package = 64E377A12B98D5AC00B8C5B3 /* XCRemoteSwiftPackageReference "firebase-ios-sdk" */;
			productName = FirebaseAnalyticsSwift;
		};
		64E377C02B9B46E300B8C5B3 /* FirebaseAuth */ = {
			isa = XCSwiftPackageProductDependency;
			package = 64E377A12B98D5AC00B8C5B3 /* XCRemoteSwiftPackageReference "firebase-ios-sdk" */;
			productName = FirebaseAuth;
		};
		64E377D72BA0A1BB00B8C5B3 /* GoogleSignIn */ = {
			isa = XCSwiftPackageProductDependency;
			package = 64E377D62BA0A1BA00B8C5B3 /* XCRemoteSwiftPackageReference "GoogleSignIn-iOS" */;
			productName = GoogleSignIn;
		};
		64E377D92BA0A1BB00B8C5B3 /* GoogleSignInSwift */ = {
			isa = XCSwiftPackageProductDependency;
			package = 64E377D62BA0A1BA00B8C5B3 /* XCRemoteSwiftPackageReference "GoogleSignIn-iOS" */;
			productName = GoogleSignInSwift;
		};
/* End XCSwiftPackageProductDependency section */
	};
	rootObject = 64E377862B98D34D00B8C5B3 /* Project object */;
}
